
Microsoft Visual Studio Solution File, Format Version 12.00
# Visual Studio 2013
VisualStudioVersion = 12.0.30723.0
MinimumVisualStudioVersion = 10.0.40219.1
Project("{FAE04EC0-301F-11D3-BF4B-00C04F79EFBC}") = "ConsoleRefection", "ConsoleRefection\ConsoleRefection.csproj", "{16D8CC77-F802-4CD8-B4F4-D3060F4C4CDD}"
EndProject
Global
	GlobalSection(SolutionConfigurationPlatforms) = preSolution
		Debug|Any CPU = Debug|Any CPU
		Release|Any CPU = Release|Any CPU
	EndGlobalSection
	GlobalSection(ProjectConfigurationPlatforms) = postSolution
		{16D8CC77-F802-4CD8-B4F4-D3060F4C4CDD}.Debug|Any CPU.ActiveCfg = Debug|Any CPU
		{16D8CC77-F802-4CD8-B4F4-D3060F4C4CDD}.Debug|Any CPU.Build.0 = Debug|Any CPU
		{16D8CC77-F802-4CD8-B4F4-D3060F4C4CDD}.Release|Any CPU.ActiveCfg = Release|Any CPU
		{16D8CC77-F802-4CD8-B4F4-D3060F4C4CDD}.Release|Any CPU.Build.0 = Release|Any CPU
	EndGlobalSection
	GlobalSection(SolutionProperties) = preSolution
		HideSolutionNode = FALSE
	EndGlobalSection
EndGlobal
