
Microsoft Visual Studio Solution File, Format Version 12.00
# Visual Studio 2012
Project("{8BC9CEB8-8B4A-11D0-8D11-00A0C91BC942}") = "Server", "Server\Server.vcxproj", "{DE524E1F-9DD3-4759-B9C3-1C410FBFE2FC}"
EndProject
Project("{8BC9CEB8-8B4A-11D0-8D11-00A0C91BC942}") = "Client", "Client\Client.vcxproj", "{D991B702-B0D6-41B9-B9BD-1C14C8429C68}"
EndProject
Global
	GlobalSection(SolutionConfigurationPlatforms) = preSolution
		Debug|Win32 = Debug|Win32
		Release|Win32 = Release|Win32
	EndGlobalSection
	GlobalSection(ProjectConfigurationPlatforms) = postSolution
		{DE524E1F-9DD3-4759-B9C3-1C410FBFE2FC}.Debug|Win32.ActiveCfg = Debug|Win32
		{DE524E1F-9DD3-4759-B9C3-1C410FBFE2FC}.Debug|Win32.Build.0 = Debug|Win32
		{DE524E1F-9DD3-4759-B9C3-1C410FBFE2FC}.Release|Win32.ActiveCfg = Release|Win32
		{DE524E1F-9DD3-4759-B9C3-1C410FBFE2FC}.Release|Win32.Build.0 = Release|Win32
		{D991B702-B0D6-41B9-B9BD-1C14C8429C68}.Debug|Win32.ActiveCfg = Debug|Win32
		{D991B702-B0D6-41B9-B9BD-1C14C8429C68}.Debug|Win32.Build.0 = Debug|Win32
		{D991B702-B0D6-41B9-B9BD-1C14C8429C68}.Release|Win32.ActiveCfg = Release|Win32
		{D991B702-B0D6-41B9-B9BD-1C14C8429C68}.Release|Win32.Build.0 = Release|Win32
	EndGlobalSection
	GlobalSection(SolutionProperties) = preSolution
		HideSolutionNode = FALSE
	EndGlobalSection
EndGlobal
